
Microsoft Visual Studio Solution File, Format Version 12.00
# Visual Studio Version 16
VisualStudioVersion = 16.0.31112.23
MinimumVisualStudioVersion = 10.0.40219.1
Project("{9A19103F-16F7-4668-BE54-9A1E7A4F7556}") = "NLog.Targets.Fluentd", "NLog.Targets.Fluentd\NLog.Targets.Fluentd.csproj", "{E47E16DD-8BAC-43E7-A942-D76D7C783F01}"
EndProject
Project("{2150E333-8FDC-42A3-9474-1A3956D46DE8}") = "Solution Items", "Solution Items", "{014C9A5C-B9A9-4AFB-B3AF-1AE58F7F6359}"
	ProjectSection(SolutionItems) = preProject
		.editorconfig = .editorconfig
		Directory.Build.props = Directory.Build.props
		..\README.md = ..\README.md
	EndProjectSection
EndProject
Project("{2150E333-8FDC-42A3-9474-1A3956D46DE8}") = "Tests", "Tests", "{99A3E22A-F097-4CF7-B631-F57EC02D87AB}"
EndProject
Project("{9A19103F-16F7-4668-BE54-9A1E7A4F7556}") = "Tests.Common", "Tests\Tests.Common\Tests.Common.csproj", "{F3CC5FA9-5E71-45F0-A372-ADF727B8137D}"
EndProject
Project("{9A19103F-16F7-4668-BE54-9A1E7A4F7556}") = "Console.Tests", "Tests\Console.Tests\Console.Tests.csproj", "{3CA89839-0DD4-425A-85A7-09C4EB98B33E}"
EndProject
Project("{9A19103F-16F7-4668-BE54-9A1E7A4F7556}") = "Web.Tests", "Tests\Web.Tests\Web.Tests.csproj", "{41FD4155-F00F-41BF-8A36-C73E6F2F2798}"
EndProject
Global
	GlobalSection(SolutionConfigurationPlatforms) = preSolution
		Debug|Any CPU = Debug|Any CPU
		Release|Any CPU = Release|Any CPU
	EndGlobalSection
	GlobalSection(ProjectConfigurationPlatforms) = postSolution
		{E47E16DD-8BAC-43E7-A942-D76D7C783F01}.Debug|Any CPU.ActiveCfg = Debug|Any CPU
		{E47E16DD-8BAC-43E7-A942-D76D7C783F01}.Debug|Any CPU.Build.0 = Debug|Any CPU
		{E47E16DD-8BAC-43E7-A942-D76D7C783F01}.Release|Any CPU.ActiveCfg = Release|Any CPU
		{E47E16DD-8BAC-43E7-A942-D76D7C783F01}.Release|Any CPU.Build.0 = Release|Any CPU
		{F3CC5FA9-5E71-45F0-A372-ADF727B8137D}.Debug|Any CPU.ActiveCfg = Debug|Any CPU
		{F3CC5FA9-5E71-45F0-A372-ADF727B8137D}.Debug|Any CPU.Build.0 = Debug|Any CPU
		{F3CC5FA9-5E71-45F0-A372-ADF727B8137D}.Release|Any CPU.ActiveCfg = Release|Any CPU
		{F3CC5FA9-5E71-45F0-A372-ADF727B8137D}.Release|Any CPU.Build.0 = Release|Any CPU
		{3CA89839-0DD4-425A-85A7-09C4EB98B33E}.Debug|Any CPU.ActiveCfg = Debug|Any CPU
		{3CA89839-0DD4-425A-85A7-09C4EB98B33E}.Debug|Any CPU.Build.0 = Debug|Any CPU
		{3CA89839-0DD4-425A-85A7-09C4EB98B33E}.Release|Any CPU.ActiveCfg = Release|Any CPU
		{3CA89839-0DD4-425A-85A7-09C4EB98B33E}.Release|Any CPU.Build.0 = Release|Any CPU
		{41FD4155-F00F-41BF-8A36-C73E6F2F2798}.Debug|Any CPU.ActiveCfg = Debug|Any CPU
		{41FD4155-F00F-41BF-8A36-C73E6F2F2798}.Debug|Any CPU.Build.0 = Debug|Any CPU
		{41FD4155-F00F-41BF-8A36-C73E6F2F2798}.Release|Any CPU.ActiveCfg = Release|Any CPU
		{41FD4155-F00F-41BF-8A36-C73E6F2F2798}.Release|Any CPU.Build.0 = Release|Any CPU
	EndGlobalSection
	GlobalSection(SolutionProperties) = preSolution
		HideSolutionNode = FALSE
	EndGlobalSection
	GlobalSection(NestedProjects) = preSolution
		{F3CC5FA9-5E71-45F0-A372-ADF727B8137D} = {99A3E22A-F097-4CF7-B631-F57EC02D87AB}
		{3CA89839-0DD4-425A-85A7-09C4EB98B33E} = {99A3E22A-F097-4CF7-B631-F57EC02D87AB}
		{41FD4155-F00F-41BF-8A36-C73E6F2F2798} = {99A3E22A-F097-4CF7-B631-F57EC02D87AB}
	EndGlobalSection
	GlobalSection(ExtensibilityGlobals) = postSolution
		SolutionGuid = {2FD9C1FC-A9AD-4D37-BE30-7BEB987DD21D}
	EndGlobalSection
EndGlobal
